
Microsoft Visual Studio Solution File, Format Version 12.00
# Visual Studio Version 17
VisualStudioVersion = 17.11.35327.3
MinimumVisualStudioVersion = 10.0.40219.1
Project("{FAE04EC0-301F-11D3-BF4B-00C04F79EFBC}") = "UareUSampleCSharp_CaptureOnly", "UareUSampleCSharp_CaptureOnly.csproj", "{D76C41AD-FC15-468A-8960-A978DAC51FD3}"
EndProject
Global
	GlobalSection(SolutionConfigurationPlatforms) = preSolution
		Debug|Any CPU = Debug|Any CPU
		Release|Any CPU = Release|Any CPU
	EndGlobalSection
	GlobalSection(ProjectConfigurationPlatforms) = postSolution
		{D76C41AD-FC15-468A-8960-A978DAC51FD3}.Debug|Any CPU.ActiveCfg = Debug|Any CPU
		{D76C41AD-FC15-468A-8960-A978DAC51FD3}.Debug|Any CPU.Build.0 = Debug|Any CPU
		{D76C41AD-FC15-468A-8960-A978DAC51FD3}.Release|Any CPU.ActiveCfg = Release|Any CPU
		{D76C41AD-FC15-468A-8960-A978DAC51FD3}.Release|Any CPU.Build.0 = Release|Any CPU
	EndGlobalSection
	GlobalSection(SolutionProperties) = preSolution
		HideSolutionNode = FALSE
	EndGlobalSection
	GlobalSection(ExtensibilityGlobals) = postSolution
		SolutionGuid = {C6BA75C2-5882-4540-A729-9293D0A76F84}
	EndGlobalSection
EndGlobal
